
Microsoft Visual Studio Solution File, Format Version 12.00
# Visual Studio 15
VisualStudioVersion = 15.0.27130.2010
MinimumVisualStudioVersion = 10.0.40219.1
Project("{2150E333-8FDC-42A3-9474-1A3956D46DE8}") = "DataModel", "DataModel", "{F1988BD3-DD8E-48C4-B717-834EB7CE0AE3}"
EndProject
Project("{2150E333-8FDC-42A3-9474-1A3956D46DE8}") = "Services", "Services", "{9A289822-68DE-4E80-AB72-C11524853DBF}"
EndProject
Project("{2150E333-8FDC-42A3-9474-1A3956D46DE8}") = "Tools", "Tools", "{D99BFAB8-D6E9-4D2B-9304-AC6AD9CE388B}"
EndProject
Project("{2150E333-8FDC-42A3-9474-1A3956D46DE8}") = "PlugIns", "PlugIns", "{56124B3A-AEBE-4B96-BA78-A4B09EE509DD}"
EndProject
Project("{FAE04EC0-301F-11D3-BF4B-00C04F79EFBC}") = "NikSoft.Model", "NikSoft.Model\NikSoft.Model.csproj", "{AB2D46CC-4750-47E4-A4F9-D690A23BF46D}"
EndProject
Project("{FAE04EC0-301F-11D3-BF4B-00C04F79EFBC}") = "NikSoft.NikModel", "NikSoft.NikModel\NikSoft.NikModel.csproj", "{F6A8B6CC-BD3A-4484-87EF-1B5DA2AA7AF9}"
EndProject
Project("{FAE04EC0-301F-11D3-BF4B-00C04F79EFBC}") = "NikSoft.Services", "NikSoft.Services\NikSoft.Services.csproj", "{7BA6E4E6-655A-4987-A953-EAF74CF2A505}"
EndProject
Project("{FAE04EC0-301F-11D3-BF4B-00C04F79EFBC}") = "NikSoft.UILayer", "NikSoft.UILayer\NikSoft.UILayer.csproj", "{E025A07F-3612-48DB-ABD3-CB29B6FE92C6}"
EndProject
Project("{FAE04EC0-301F-11D3-BF4B-00C04F79EFBC}") = "NikSoft.WebService", "NikSoft.WebService\NikSoft.WebService.csproj", "{49273C91-8A49-4C9E-A003-92CAC5627EA8}"
EndProject
Project("{FAE04EC0-301F-11D3-BF4B-00C04F79EFBC}") = "NikSoft.PlugIn", "NikSoft.PlugIn\NikSoft.PlugIn.csproj", "{324B1ADE-EF9C-4917-95D1-080E958DA21C}"
EndProject
Project("{FAE04EC0-301F-11D3-BF4B-00C04F79EFBC}") = "NikSoft.Routing", "NikSoft.Routing\NikSoft.Routing.csproj", "{5669017D-E894-4B4A-B5FE-C503B3E5A9C8}"
EndProject
Project("{FAE04EC0-301F-11D3-BF4B-00C04F79EFBC}") = "NikSoft.Utilities", "NikSoft.Utilities\NikSoft.Utilities.csproj", "{8F8BB2A4-4B91-4A84-905B-9430BA7F57E2}"
EndProject
Project("{FAE04EC0-301F-11D3-BF4B-00C04F79EFBC}") = "NikSoft.Web", "NikSoft.Web\NikSoft.Web.csproj", "{2036B8CD-3108-4F24-8B04-311ED538763D}"
EndProject
Project("{2150E333-8FDC-42A3-9474-1A3956D46DE8}") = "ContentManager", "ContentManager", "{D7FB14D8-AA07-43DE-8E94-2B2404C70CC1}"
EndProject
Project("{FAE04EC0-301F-11D3-BF4B-00C04F79EFBC}") = "NikSoft.ContentManager.Service", "PlugIns\ContentManager\NikSoft.ContentManager.Service\NikSoft.ContentManager.Service.csproj", "{9803A3D9-FAEA-49CA-AA27-4C935D4AEF9C}"
EndProject
Project("{FAE04EC0-301F-11D3-BF4B-00C04F79EFBC}") = "NikSoft.ContentManager.Web", "PlugIns\ContentManager\NikSoft.ContentManager.Web\NikSoft.ContentManager.Web.csproj", "{8D402342-AA08-4BFC-86C5-8333EEB1D359}"
EndProject
Project("{FAE04EC0-301F-11D3-BF4B-00C04F79EFBC}") = "NikSoft.ContentManager.WebService", "PlugIns\ContentManager\NikSoft.ContentManager.WebService\NikSoft.ContentManager.WebService.csproj", "{46C7FE26-3085-4F9D-AF4D-6EDA11EA29EB}"
EndProject
Project("{2150E333-8FDC-42A3-9474-1A3956D46DE8}") = "FormBuilder", "FormBuilder", "{B6C4DCC3-98DD-4434-AA99-9F285457EA46}"
EndProject
Project("{FAE04EC0-301F-11D3-BF4B-00C04F79EFBC}") = "NikSoft.FormBuilder.Service", "PlugIns\FormBuilder\NikSoft.FormBuilder.Service\NikSoft.FormBuilder.Service.csproj", "{7AC9458C-42AF-401C-8BAF-637A327D22E5}"
EndProject
Project("{FAE04EC0-301F-11D3-BF4B-00C04F79EFBC}") = "NikSoft.FormBuilder.Web", "PlugIns\FormBuilder\NikSoft.FormBuilder.Web\NikSoft.FormBuilder.Web.csproj", "{0170C730-0493-4238-AB52-0D562D4776C9}"
EndProject
Global
	GlobalSection(SolutionConfigurationPlatforms) = preSolution
		Debug|Any CPU = Debug|Any CPU
		Release|Any CPU = Release|Any CPU
	EndGlobalSection
	GlobalSection(ProjectConfigurationPlatforms) = postSolution
		{AB2D46CC-4750-47E4-A4F9-D690A23BF46D}.Debug|Any CPU.ActiveCfg = Debug|Any CPU
		{AB2D46CC-4750-47E4-A4F9-D690A23BF46D}.Debug|Any CPU.Build.0 = Debug|Any CPU
		{AB2D46CC-4750-47E4-A4F9-D690A23BF46D}.Release|Any CPU.ActiveCfg = Release|Any CPU
		{AB2D46CC-4750-47E4-A4F9-D690A23BF46D}.Release|Any CPU.Build.0 = Release|Any CPU
		{F6A8B6CC-BD3A-4484-87EF-1B5DA2AA7AF9}.Debug|Any CPU.ActiveCfg = Debug|Any CPU
		{F6A8B6CC-BD3A-4484-87EF-1B5DA2AA7AF9}.Debug|Any CPU.Build.0 = Debug|Any CPU
		{F6A8B6CC-BD3A-4484-87EF-1B5DA2AA7AF9}.Release|Any CPU.ActiveCfg = Release|Any CPU
		{F6A8B6CC-BD3A-4484-87EF-1B5DA2AA7AF9}.Release|Any CPU.Build.0 = Release|Any CPU
		{7BA6E4E6-655A-4987-A953-EAF74CF2A505}.Debug|Any CPU.ActiveCfg = Debug|Any CPU
		{7BA6E4E6-655A-4987-A953-EAF74CF2A505}.Debug|Any CPU.Build.0 = Debug|Any CPU
		{7BA6E4E6-655A-4987-A953-EAF74CF2A505}.Release|Any CPU.ActiveCfg = Release|Any CPU
		{7BA6E4E6-655A-4987-A953-EAF74CF2A505}.Release|Any CPU.Build.0 = Release|Any CPU
		{E025A07F-3612-48DB-ABD3-CB29B6FE92C6}.Debug|Any CPU.ActiveCfg = Debug|Any CPU
		{E025A07F-3612-48DB-ABD3-CB29B6FE92C6}.Debug|Any CPU.Build.0 = Debug|Any CPU
		{E025A07F-3612-48DB-ABD3-CB29B6FE92C6}.Release|Any CPU.ActiveCfg = Release|Any CPU
		{E025A07F-3612-48DB-ABD3-CB29B6FE92C6}.Release|Any CPU.Build.0 = Release|Any CPU
		{49273C91-8A49-4C9E-A003-92CAC5627EA8}.Debug|Any CPU.ActiveCfg = Debug|Any CPU
		{49273C91-8A49-4C9E-A003-92CAC5627EA8}.Debug|Any CPU.Build.0 = Debug|Any CPU
		{49273C91-8A49-4C9E-A003-92CAC5627EA8}.Release|Any CPU.ActiveCfg = Release|Any CPU
		{49273C91-8A49-4C9E-A003-92CAC5627EA8}.Release|Any CPU.Build.0 = Release|Any CPU
		{324B1ADE-EF9C-4917-95D1-080E958DA21C}.Debug|Any CPU.ActiveCfg = Debug|Any CPU
		{324B1ADE-EF9C-4917-95D1-080E958DA21C}.Debug|Any CPU.Build.0 = Debug|Any CPU
		{324B1ADE-EF9C-4917-95D1-080E958DA21C}.Release|Any CPU.ActiveCfg = Release|Any CPU
		{324B1ADE-EF9C-4917-95D1-080E958DA21C}.Release|Any CPU.Build.0 = Release|Any CPU
		{5669017D-E894-4B4A-B5FE-C503B3E5A9C8}.Debug|Any CPU.ActiveCfg = Debug|Any CPU
		{5669017D-E894-4B4A-B5FE-C503B3E5A9C8}.Debug|Any CPU.Build.0 = Debug|Any CPU
		{5669017D-E894-4B4A-B5FE-C503B3E5A9C8}.Release|Any CPU.ActiveCfg = Release|Any CPU
		{5669017D-E894-4B4A-B5FE-C503B3E5A9C8}.Release|Any CPU.Build.0 = Release|Any CPU
		{8F8BB2A4-4B91-4A84-905B-9430BA7F57E2}.Debug|Any CPU.ActiveCfg = Debug|Any CPU
		{8F8BB2A4-4B91-4A84-905B-9430BA7F57E2}.Debug|Any CPU.Build.0 = Debug|Any CPU
		{8F8BB2A4-4B91-4A84-905B-9430BA7F57E2}.Release|Any CPU.ActiveCfg = Release|Any CPU
		{8F8BB2A4-4B91-4A84-905B-9430BA7F57E2}.Release|Any CPU.Build.0 = Release|Any CPU
		{2036B8CD-3108-4F24-8B04-311ED538763D}.Debug|Any CPU.ActiveCfg = Debug|Any CPU
		{2036B8CD-3108-4F24-8B04-311ED538763D}.Debug|Any CPU.Build.0 = Debug|Any CPU
		{2036B8CD-3108-4F24-8B04-311ED538763D}.Release|Any CPU.ActiveCfg = Release|Any CPU
		{2036B8CD-3108-4F24-8B04-311ED538763D}.Release|Any CPU.Build.0 = Release|Any CPU
		{9803A3D9-FAEA-49CA-AA27-4C935D4AEF9C}.Debug|Any CPU.ActiveCfg = Debug|Any CPU
		{9803A3D9-FAEA-49CA-AA27-4C935D4AEF9C}.Debug|Any CPU.Build.0 = Debug|Any CPU
		{9803A3D9-FAEA-49CA-AA27-4C935D4AEF9C}.Release|Any CPU.ActiveCfg = Release|Any CPU
		{9803A3D9-FAEA-49CA-AA27-4C935D4AEF9C}.Release|Any CPU.Build.0 = Release|Any CPU
		{8D402342-AA08-4BFC-86C5-8333EEB1D359}.Debug|Any CPU.ActiveCfg = Debug|Any CPU
		{8D402342-AA08-4BFC-86C5-8333EEB1D359}.Debug|Any CPU.Build.0 = Debug|Any CPU
		{8D402342-AA08-4BFC-86C5-8333EEB1D359}.Release|Any CPU.ActiveCfg = Release|Any CPU
		{8D402342-AA08-4BFC-86C5-8333EEB1D359}.Release|Any CPU.Build.0 = Release|Any CPU
		{46C7FE26-3085-4F9D-AF4D-6EDA11EA29EB}.Debug|Any CPU.ActiveCfg = Debug|Any CPU
		{46C7FE26-3085-4F9D-AF4D-6EDA11EA29EB}.Debug|Any CPU.Build.0 = Debug|Any CPU
		{46C7FE26-3085-4F9D-AF4D-6EDA11EA29EB}.Release|Any CPU.ActiveCfg = Release|Any CPU
		{46C7FE26-3085-4F9D-AF4D-6EDA11EA29EB}.Release|Any CPU.Build.0 = Release|Any CPU
		{7AC9458C-42AF-401C-8BAF-637A327D22E5}.Debug|Any CPU.ActiveCfg = Debug|Any CPU
		{7AC9458C-42AF-401C-8BAF-637A327D22E5}.Debug|Any CPU.Build.0 = Debug|Any CPU
		{7AC9458C-42AF-401C-8BAF-637A327D22E5}.Release|Any CPU.ActiveCfg = Release|Any CPU
		{7AC9458C-42AF-401C-8BAF-637A327D22E5}.Release|Any CPU.Build.0 = Release|Any CPU
		{0170C730-0493-4238-AB52-0D562D4776C9}.Debug|Any CPU.ActiveCfg = Debug|Any CPU
		{0170C730-0493-4238-AB52-0D562D4776C9}.Debug|Any CPU.Build.0 = Debug|Any CPU
		{0170C730-0493-4238-AB52-0D562D4776C9}.Release|Any CPU.ActiveCfg = Release|Any CPU
		{0170C730-0493-4238-AB52-0D562D4776C9}.Release|Any CPU.Build.0 = Release|Any CPU
	EndGlobalSection
	GlobalSection(SolutionProperties) = preSolution
		HideSolutionNode = FALSE
	EndGlobalSection
	GlobalSection(NestedProjects) = preSolution
		{AB2D46CC-4750-47E4-A4F9-D690A23BF46D} = {F1988BD3-DD8E-48C4-B717-834EB7CE0AE3}
		{F6A8B6CC-BD3A-4484-87EF-1B5DA2AA7AF9} = {9A289822-68DE-4E80-AB72-C11524853DBF}
		{7BA6E4E6-655A-4987-A953-EAF74CF2A505} = {9A289822-68DE-4E80-AB72-C11524853DBF}
		{E025A07F-3612-48DB-ABD3-CB29B6FE92C6} = {9A289822-68DE-4E80-AB72-C11524853DBF}
		{49273C91-8A49-4C9E-A003-92CAC5627EA8} = {9A289822-68DE-4E80-AB72-C11524853DBF}
		{324B1ADE-EF9C-4917-95D1-080E958DA21C} = {D99BFAB8-D6E9-4D2B-9304-AC6AD9CE388B}
		{5669017D-E894-4B4A-B5FE-C503B3E5A9C8} = {D99BFAB8-D6E9-4D2B-9304-AC6AD9CE388B}
		{8F8BB2A4-4B91-4A84-905B-9430BA7F57E2} = {D99BFAB8-D6E9-4D2B-9304-AC6AD9CE388B}
		{D7FB14D8-AA07-43DE-8E94-2B2404C70CC1} = {56124B3A-AEBE-4B96-BA78-A4B09EE509DD}
		{9803A3D9-FAEA-49CA-AA27-4C935D4AEF9C} = {D7FB14D8-AA07-43DE-8E94-2B2404C70CC1}
		{8D402342-AA08-4BFC-86C5-8333EEB1D359} = {D7FB14D8-AA07-43DE-8E94-2B2404C70CC1}
		{46C7FE26-3085-4F9D-AF4D-6EDA11EA29EB} = {D7FB14D8-AA07-43DE-8E94-2B2404C70CC1}
		{B6C4DCC3-98DD-4434-AA99-9F285457EA46} = {56124B3A-AEBE-4B96-BA78-A4B09EE509DD}
		{7AC9458C-42AF-401C-8BAF-637A327D22E5} = {B6C4DCC3-98DD-4434-AA99-9F285457EA46}
		{0170C730-0493-4238-AB52-0D562D4776C9} = {B6C4DCC3-98DD-4434-AA99-9F285457EA46}
	EndGlobalSection
	GlobalSection(ExtensibilityGlobals) = postSolution
		SolutionGuid = {1B320663-28FC-4E9C-BF23-E48D6ACDBD8F}
	EndGlobalSection
EndGlobal
